<?xml version="1.0" encoding="utf-8"?>
<Project ToolsVersion="4.0" xmlns="http://schemas.microsoft.com/developer/msbuild/2003">
  <ItemGroup>
    <Filter Include="Source Files">
      <UniqueIdentifier>{4FC737F1-C7A5-4376-A066-2A32D752A2FF}</UniqueIdentifier>
      <Extensions>cpp;c;cc;cxx;def;odl;idl;hpj;bat;asm;asmx</Extensions>
    </Filter>
    <Filter Include="Header Files">
      <UniqueIdentifier>{93995380-89BD-4b04-88EB-625FBE52EBFB}</UniqueIdentifier>
      <Extensions>h;hh;hpp;hxx;hm;inl;inc;xsd</Extensions>
    </Filter>
    <Filter Include="Resource Files">
      <UniqueIdentifier>{67DA6AB6-F800-4c08-8B7A-83BB121AAD01}</UniqueIdentifier>
      <Extensions>rc;ico;cur;bmp;dlg;rc2;rct;bin;rgs;gif;jpg;jpeg;jpe;resx;tiff;tif;png;wav;mfcribbon-ms</Extensions>
    </Filter>
    <Filter Include="MapReader">
      <UniqueIdentifier>{b0aa7485-7486-4abd-92b8-7b876e716ae0}</UniqueIdentifier>
    </Filter>
  </ItemGroup>
  <ItemGroup>
    <ClCompile Include="Animation.cpp">
      <Filter>Source Files</Filter>
    </ClCompile>
    <ClCompile Include="Camera.cpp">
      <Filter>Source Files</Filter>
    </ClCompile>
    <ClCompile Include="Collision.cpp">
      <Filter>Source Files</Filter>
    </ClCompile>
    <ClCompile Include="Game.cpp">
      <Filter>Source Files</Filter>
    </ClCompile>
    <ClCompile Include="GameGraphic.cpp">
      <Filter>Source Files</Filter>
    </ClCompile>
    <ClCompile Include="GameObject.cpp">
      <Filter>Source Files</Filter>
    </ClCompile>
    <ClCompile Include="GameSprite.cpp">
      <Filter>Source Files</Filter>
    </ClCompile>
    <ClCompile Include="GameTime.cpp">
      <Filter>Source Files</Filter>
    </ClCompile>
    <ClCompile Include="Map.cpp">
      <Filter>Source Files</Filter>
    </ClCompile>
    <ClCompile Include="Rect.cpp">
      <Filter>Source Files</Filter>
    </ClCompile>
    <ClCompile Include="StaticObject.cpp">
      <Filter>Source Files</Filter>
    </ClCompile>
    <ClCompile Include="Viewport.cpp">
      <Filter>Source Files</Filter>
    </ClCompile>
    <ClCompile Include="GameInput.cpp">
      <Filter>Source Files</Filter>
    </ClCompile>
    <ClCompile Include="MegaManCharacters.cpp">
      <Filter>Source Files</Filter>
    </ClCompile>
    <ClCompile Include="MegaManData.cpp">
      <Filter>Source Files</Filter>
    </ClCompile>
    <ClCompile Include="MegaManState.cpp">
      <Filter>Source Files</Filter>
    </ClCompile>
    <ClCompile Include="StandingState.cpp">
      <Filter>Source Files</Filter>
    </ClCompile>
    <ClCompile Include="PlayScene.cpp">
      <Filter>Source Files</Filter>
    </ClCompile>
    <ClCompile Include="SceneManager.cpp">
      <Filter>Source Files</Filter>
    </ClCompile>
    <ClCompile Include="RunningState.cpp">
      <Filter>Source Files</Filter>
    </ClCompile>
    <ClCompile Include="main.cpp">
      <Filter>Source Files</Filter>
    </ClCompile>
    <ClCompile Include="GameMap.cpp">
      <Filter>Source Files</Filter>
    </ClCompile>
    <ClCompile Include="Sprite.cpp">
      <Filter>Source Files</Filter>
    </ClCompile>
    <ClCompile Include="MapReader\base64.cpp">
      <Filter>MapReader</Filter>
    </ClCompile>
    <ClCompile Include="MapReader\miniz.c">
      <Filter>MapReader</Filter>
    </ClCompile>
    <ClCompile Include="MapReader\tinyxml2.cpp">
      <Filter>MapReader</Filter>
    </ClCompile>
    <ClCompile Include="MapReader\TmxEllipse.cpp">
      <Filter>MapReader</Filter>
    </ClCompile>
    <ClCompile Include="MapReader\TmxImage.cpp">
      <Filter>MapReader</Filter>
    </ClCompile>
    <ClCompile Include="MapReader\TmxImageLayer.cpp">
      <Filter>MapReader</Filter>
    </ClCompile>
    <ClCompile Include="MapReader\TmxLayer.cpp">
      <Filter>MapReader</Filter>
    </ClCompile>
    <ClCompile Include="MapReader\TmxMap.cpp">
      <Filter>MapReader</Filter>
    </ClCompile>
    <ClCompile Include="MapReader\TmxObject.cpp">
      <Filter>MapReader</Filter>
    </ClCompile>
    <ClCompile Include="MapReader\TmxObjectGroup.cpp">
      <Filter>MapReader</Filter>
    </ClCompile>
    <ClCompile Include="MapReader\TmxPolygon.cpp">
      <Filter>MapReader</Filter>
    </ClCompile>
    <ClCompile Include="MapReader\TmxPolyline.cpp">
      <Filter>MapReader</Filter>
    </ClCompile>
    <ClCompile Include="MapReader\TmxPropertySet.cpp">
      <Filter>MapReader</Filter>
    </ClCompile>
    <ClCompile Include="MapReader\TmxTerrain.cpp">
      <Filter>MapReader</Filter>
    </ClCompile>
    <ClCompile Include="MapReader\TmxTerrainArray.cpp">
      <Filter>MapReader</Filter>
    </ClCompile>
    <ClCompile Include="MapReader\TmxTile.cpp">
      <Filter>MapReader</Filter>
    </ClCompile>
    <ClCompile Include="MapReader\TmxTileLayer.cpp">
      <Filter>MapReader</Filter>
    </ClCompile>
    <ClCompile Include="MapReader\TmxTileOffset.cpp">
      <Filter>MapReader</Filter>
    </ClCompile>
    <ClCompile Include="MapReader\TmxTileset.cpp">
      <Filter>MapReader</Filter>
    </ClCompile>
    <ClCompile Include="MapReader\TmxUtil.cpp">
      <Filter>MapReader</Filter>
    </ClCompile>
    <ClCompile Include="WriteLog.cpp">
      <Filter>Source Files</Filter>
    </ClCompile>
    <ClCompile Include="JumpingState.cpp">
      <Filter>Source Files</Filter>
    </ClCompile>
    <ClCompile Include="Start1State.cpp">
      <Filter>Source Files</Filter>
    </ClCompile>
    <ClCompile Include="Start2State.cpp">
      <Filter>Source Files</Filter>
    </ClCompile>
    <ClCompile Include="Quadtree.cpp">
      <Filter>Source Files</Filter>
    </ClCompile>
    <ClCompile Include="StandingAttackState.cpp">
      <Filter>Source Files</Filter>
    </ClCompile>
    <ClCompile Include="RunningAttackState.cpp">
      <Filter>Source Files</Filter>
    </ClCompile>
    <ClCompile Include="JumpingAttackState.cpp">
      <Filter>Source Files</Filter>
    </ClCompile>
    <ClCompile Include="SweepingAttackState.cpp">
      <Filter>Source Files</Filter>
    </ClCompile>
    <ClCompile Include="SweepingState.cpp">
      <Filter>Source Files</Filter>
    </ClCompile>
    <ClCompile Include="SweepingWallState.cpp">
      <Filter>Source Files</Filter>
    </ClCompile>
    <ClCompile Include="JumpingFromWallState.cpp">
      <Filter>Source Files</Filter>
    </ClCompile>
    <ClCompile Include="JumpingFromWallAttackState.cpp">
      <Filter>Source Files</Filter>
    </ClCompile>
    <ClCompile Include="SweepingWallAttackState.cpp">
      <Filter>Source Files</Filter>
    </ClCompile>
    <ClCompile Include="FallingState.cpp">
      <Filter>Source Files</Filter>
    </ClCompile>
    <ClCompile Include="FallingAttackState.cpp">
      <Filter>Source Files</Filter>
    </ClCompile>
    <ClCompile Include="BulletLv1.cpp">
      <Filter>Source Files</Filter>
    </ClCompile>
    <ClCompile Include="BulletLv2.cpp">
      <Filter>Source Files</Filter>
    </ClCompile>
    <ClCompile Include="BulletLv3.cpp">
      <Filter>Source Files</Filter>
    </ClCompile>
    <ClCompile Include="BossNormal.cpp">
      <Filter>Source Files</Filter>
    </ClCompile>
    <ClCompile Include="PlayerBullets.cpp">
      <Filter>Header Files</Filter>
    </ClCompile>
    <ClCompile Include="Elevator1.cpp">
      <Filter>Source Files</Filter>
    </ClCompile>
    <ClCompile Include="EnemyOneGun.cpp">
      <Filter>Source Files</Filter>
    </ClCompile>
    <ClCompile Include="EnemyOneGunAttack1State.cpp">
      <Filter>Source Files</Filter>
    </ClCompile>
    <ClCompile Include="EnemyOneGunAttack2State.cpp">
      <Filter>Source Files</Filter>
    </ClCompile>
    <ClCompile Include="EnemyOneGunData.cpp">
      <Filter>Source Files</Filter>
    </ClCompile>
    <ClCompile Include="EnemyOneGunJumpState.cpp">
      <Filter>Source Files</Filter>
    </ClCompile>
    <ClCompile Include="EnemyOneGunStandState.cpp">
      <Filter>Source Files</Filter>
    </ClCompile>
    <ClCompile Include="EnemyOneGunState.cpp">
      <Filter>Source Files</Filter>
    </ClCompile>
    <ClCompile Include="EnemyRocket.cpp">
      <Filter>Source Files</Filter>
    </ClCompile>
    <ClCompile Include="EnemyRocketAttack1State.cpp">
      <Filter>Source Files</Filter>
    </ClCompile>
    <ClCompile Include="EnemyRocketAttack2State.cpp">
      <Filter>Source Files</Filter>
    </ClCompile>
    <ClCompile Include="EnemyRocketData.cpp">
      <Filter>Source Files</Filter>
    </ClCompile>
    <ClCompile Include="EnemyRocketStandingState.cpp">
      <Filter>Source Files</Filter>
    </ClCompile>
    <ClCompile Include="EnemyRocketState.cpp">
      <Filter>Source Files</Filter>
    </ClCompile>
    <ClCompile Include="Rocket.cpp">
      <Filter>Source Files</Filter>
    </ClCompile>
    <ClCompile Include="OneGunBullet.cpp">
      <Filter>Source Files</Filter>
    </ClCompile>
    <ClCompile Include="EnemySweeping.cpp">
      <Filter>Source Files</Filter>
    </ClCompile>
    <ClCompile Include="EnemySweepingData.cpp">
      <Filter>Source Files</Filter>
    </ClCompile>
    <ClCompile Include="EnemySweepingState.cpp">
      <Filter>Source Files</Filter>
    </ClCompile>
    <ClCompile Include="EnemySweepingNormalState.cpp">
      <Filter>Source Files</Filter>
    </ClCompile>
    <ClCompile Include="EnemySweepingShootingState.cpp">
      <Filter>Source Files</Filter>
    </ClCompile>
    <ClCompile Include="RocketEnemy3.cpp">
      <Filter>Source Files</Filter>
    </ClCompile>
    <ClCompile Include="SmokeEffect.cpp">
      <Filter>Source Files</Filter>
    </ClCompile>
    <ClCompile Include="HurtState.cpp">
      <Filter>Source Files</Filter>
    </ClCompile>
  </ItemGroup>
  <ItemGroup>
    <ClInclude Include="Animation.h">
      <Filter>Header Files</Filter>
    </ClInclude>
    <ClInclude Include="Camera.h">
      <Filter>Header Files</Filter>
    </ClInclude>
    <ClInclude Include="Game.h">
      <Filter>Header Files</Filter>
    </ClInclude>
    <ClInclude Include="Collision.h">
      <Filter>Header Files</Filter>
    </ClInclude>
    <ClInclude Include="GameGraphic.h">
      <Filter>Header Files</Filter>
    </ClInclude>
    <ClInclude Include="GameObject.h">
      <Filter>Header Files</Filter>
    </ClInclude>
    <ClInclude Include="GameSprite.h">
      <Filter>Header Files</Filter>
    </ClInclude>
    <ClInclude Include="GameTime.h">
      <Filter>Header Files</Filter>
    </ClInclude>
    <ClInclude Include="Global.h">
      <Filter>Header Files</Filter>
    </ClInclude>
    <ClInclude Include="Map.h">
      <Filter>Header Files</Filter>
    </ClInclude>
    <ClInclude Include="Rect.h">
      <Filter>Header Files</Filter>
    </ClInclude>
    <ClInclude Include="StaticObject.h">
      <Filter>Header Files</Filter>
    </ClInclude>
    <ClInclude Include="Viewport.h">
      <Filter>Header Files</Filter>
    </ClInclude>
    <ClInclude Include="GameInput.h">
      <Filter>Header Files</Filter>
    </ClInclude>
    <ClInclude Include="MegaManCharacters.h">
      <Filter>Header Files</Filter>
    </ClInclude>
    <ClInclude Include="MegaManData.h">
      <Filter>Header Files</Filter>
    </ClInclude>
    <ClInclude Include="MegaManState.h">
      <Filter>Header Files</Filter>
    </ClInclude>
    <ClInclude Include="StandingState.h">
      <Filter>Header Files</Filter>
    </ClInclude>
    <ClInclude Include="GameScene.h">
      <Filter>Header Files</Filter>
    </ClInclude>
    <ClInclude Include="SceneManager.h">
      <Filter>Header Files</Filter>
    </ClInclude>
    <ClInclude Include="PlayScene.h">
      <Filter>Header Files</Filter>
    </ClInclude>
    <ClInclude Include="RunningState.h">
      <Filter>Header Files</Filter>
    </ClInclude>
    <ClInclude Include="GameMap.h">
      <Filter>Header Files</Filter>
    </ClInclude>
    <ClInclude Include="Sprite.h">
      <Filter>Header Files</Filter>
    </ClInclude>
    <ClInclude Include="MapReader\base64.h">
      <Filter>MapReader</Filter>
    </ClInclude>
    <ClInclude Include="MapReader\tinyxml2.h">
      <Filter>MapReader</Filter>
    </ClInclude>
    <ClInclude Include="MapReader\TmxEllipse.h">
      <Filter>MapReader</Filter>
    </ClInclude>
    <ClInclude Include="MapReader\TmxImage.h">
      <Filter>MapReader</Filter>
    </ClInclude>
    <ClInclude Include="MapReader\TmxImageLayer.h">
      <Filter>MapReader</Filter>
    </ClInclude>
    <ClInclude Include="MapReader\TmxLayer.h">
      <Filter>MapReader</Filter>
    </ClInclude>
    <ClInclude Include="MapReader\TmxMap.h">
      <Filter>MapReader</Filter>
    </ClInclude>
    <ClInclude Include="MapReader\TmxMapTile.h">
      <Filter>MapReader</Filter>
    </ClInclude>
    <ClInclude Include="MapReader\TmxObject.h">
      <Filter>MapReader</Filter>
    </ClInclude>
    <ClInclude Include="MapReader\TmxObjectGroup.h">
      <Filter>MapReader</Filter>
    </ClInclude>
    <ClInclude Include="MapReader\TmxPoint.h">
      <Filter>MapReader</Filter>
    </ClInclude>
    <ClInclude Include="MapReader\TmxPolygon.h">
      <Filter>MapReader</Filter>
    </ClInclude>
    <ClInclude Include="MapReader\TmxPolyline.h">
      <Filter>MapReader</Filter>
    </ClInclude>
    <ClInclude Include="MapReader\TmxPropertySet.h">
      <Filter>MapReader</Filter>
    </ClInclude>
    <ClInclude Include="MapReader\TmxTerrain.h">
      <Filter>MapReader</Filter>
    </ClInclude>
    <ClInclude Include="MapReader\TmxTerrainArray.h">
      <Filter>MapReader</Filter>
    </ClInclude>
    <ClInclude Include="MapReader\TmxTile.h">
      <Filter>MapReader</Filter>
    </ClInclude>
    <ClInclude Include="MapReader\TmxTileLayer.h">
      <Filter>MapReader</Filter>
    </ClInclude>
    <ClInclude Include="MapReader\TmxTileOffset.h">
      <Filter>MapReader</Filter>
    </ClInclude>
    <ClInclude Include="MapReader\TmxTileset.h">
      <Filter>MapReader</Filter>
    </ClInclude>
    <ClInclude Include="MapReader\TmxUtil.h">
      <Filter>MapReader</Filter>
    </ClInclude>
    <ClInclude Include="MapReader\zconf.h">
      <Filter>MapReader</Filter>
    </ClInclude>
    <ClInclude Include="MapReader\zlib.h">
      <Filter>MapReader</Filter>
    </ClInclude>
    <ClInclude Include="WriteLog.h">
      <Filter>Header Files</Filter>
    </ClInclude>
    <ClInclude Include="JumpingState.h">
      <Filter>Header Files</Filter>
    </ClInclude>
    <ClInclude Include="Start1State.h">
      <Filter>Header Files</Filter>
    </ClInclude>
    <ClInclude Include="Start2State.h">
      <Filter>Header Files</Filter>
    </ClInclude>
    <ClInclude Include="Quadtree.h">
      <Filter>Header Files</Filter>
    </ClInclude>
    <ClInclude Include="StandingAttackState.h">
      <Filter>Header Files</Filter>
    </ClInclude>
    <ClInclude Include="RunningAttackState.h">
      <Filter>Header Files</Filter>
    </ClInclude>
    <ClInclude Include="JumpingAttackState.h">
      <Filter>Header Files</Filter>
    </ClInclude>
    <ClInclude Include="SweepingAttackState.h">
      <Filter>Header Files</Filter>
    </ClInclude>
    <ClInclude Include="SweepingState.h">
      <Filter>Header Files</Filter>
    </ClInclude>
    <ClInclude Include="SweepingWallState.h">
      <Filter>Header Files</Filter>
    </ClInclude>
    <ClInclude Include="JumpingFromWallState.h">
      <Filter>Header Files</Filter>
    </ClInclude>
    <ClInclude Include="SweepingWallAttackState.h">
      <Filter>Header Files</Filter>
    </ClInclude>
    <ClInclude Include="JumpingFromWallAttackState.h">
      <Filter>Header Files</Filter>
    </ClInclude>
    <ClInclude Include="FallingState.h">
      <Filter>Header Files</Filter>
    </ClInclude>
    <ClInclude Include="FallingAttackState.h">
      <Filter>Header Files</Filter>
    </ClInclude>
    <ClInclude Include="BulletLv1.h">
      <Filter>Header Files</Filter>
    </ClInclude>
    <ClInclude Include="BulletLv2.h">
      <Filter>Header Files</Filter>
    </ClInclude>
    <ClInclude Include="BulletLv3.h">
      <Filter>Header Files</Filter>
    </ClInclude>
    <ClInclude Include="BossNormal.h">
      <Filter>Header Files</Filter>
    </ClInclude>
    <ClInclude Include="PlayerBullets.h">
      <Filter>Header Files</Filter>
    </ClInclude>
    <ClInclude Include="Elevator1.h">
      <Filter>Header Files</Filter>
    </ClInclude>
    <ClInclude Include="EnemyOneGun.h">
      <Filter>Header Files</Filter>
    </ClInclude>
    <ClInclude Include="EnemyOneGunAttack1State.h">
      <Filter>Header Files</Filter>
    </ClInclude>
    <ClInclude Include="EnemyOneGunAttack2State.h">
      <Filter>Header Files</Filter>
    </ClInclude>
    <ClInclude Include="EnemyOneGunData.h">
      <Filter>Header Files</Filter>
    </ClInclude>
    <ClInclude Include="EnemyOneGunJumpState.h">
      <Filter>Header Files</Filter>
    </ClInclude>
    <ClInclude Include="EnemyOneGunStandState.h">
      <Filter>Header Files</Filter>
    </ClInclude>
    <ClInclude Include="EnemyOneGunState.h">
      <Filter>Header Files</Filter>
    </ClInclude>
    <ClInclude Include="EnemyRocket.h">
      <Filter>Header Files</Filter>
    </ClInclude>
    <ClInclude Include="EnemyRocketAttack1State.h">
      <Filter>Header Files</Filter>
    </ClInclude>
    <ClInclude Include="EnemyRocketAttack2State.h">
      <Filter>Header Files</Filter>
    </ClInclude>
    <ClInclude Include="EnemyRocketData.h">
      <Filter>Header Files</Filter>
    </ClInclude>
    <ClInclude Include="EnemyRocketStandingState.h">
      <Filter>Header Files</Filter>
    </ClInclude>
    <ClInclude Include="EnemyRocketState.h">
      <Filter>Header Files</Filter>
    </ClInclude>
    <ClInclude Include="Rocket.h">
      <Filter>Header Files</Filter>
    </ClInclude>
    <ClInclude Include="OneGunBullet.h">
      <Filter>Header Files</Filter>
    </ClInclude>
    <ClInclude Include="EnemySweeping.h">
      <Filter>Header Files</Filter>
    </ClInclude>
    <ClInclude Include="EnemySweepingData.h">
      <Filter>Header Files</Filter>
    </ClInclude>
    <ClInclude Include="EnemySweepingState.h">
      <Filter>Header Files</Filter>
    </ClInclude>
    <ClInclude Include="EnemySweepingNormalState.h">
      <Filter>Header Files</Filter>
    </ClInclude>
    <ClInclude Include="EnemySweepingShootingState.h">
      <Filter>Header Files</Filter>
    </ClInclude>
    <ClInclude Include="RocketEnemy3.h">
      <Filter>Header Files</Filter>
    </ClInclude>
    <ClInclude Include="SmokeEffect.h">
      <Filter>Header Files</Filter>
    </ClInclude>
    <ClInclude Include="HurtState.h">
      <Filter>Header Files</Filter>
    </ClInclude>
  </ItemGroup>
  <ItemGroup>
    <None Include="MapReader\Tmx.h.in">
      <Filter>MapReader</Filter>
    </None>
  </ItemGroup>
</Project>